PODS:
  - Kingfisher (5.3.1)
  - PKHUD (5.2.1)

DEPENDENCIES:
  - Kingfisher
  - PKHUD

SPEC REPOS:
  https://github.com/cocoapods/specs.git:
    - Kingfisher
    - PKHUD

SPEC CHECKSUMS:
  Kingfisher: d9e7e0b209b59b8f9873aa2f37654e81a7beea51
  PKHUD: 4e6162c4c39ac367c6934e9855c6b4762ee16256

PODFILE CHECKSUM: 56bc535c6dc4ac9a2e2bd2b31947d19a4be62005

COCOAPODS: 1.6.1
